// !$*UTF8*$!
{
	archiveVersion = 1;
	classes = {
	};
	objectVersion = 46;
	objects = {

/* Begin PBXBuildFile section */
		B6644B1D1E7CFD0500B051C5 /* AppDelegate.swift in Sources */ = {isa = PBXBuildFile; fileRef = B6644B1C1E7CFD0500B051C5 /* AppDelegate.swift */; };
		B6644B221E7CFD0500B051C5 /* Main.storyboard in Resources */ = {isa = PBXBuildFile; fileRef = B6644B201E7CFD0500B051C5 /* Main.storyboard */; };
		B6644B251E7CFD0500B051C5 /* PushPin.xcdatamodeld in Sources */ = {isa = PBXBuildFile; fileRef = B6644B231E7CFD0500B051C5 /* PushPin.xcdatamodeld */; };
		B6644B271E7CFD0500B051C5 /* Assets.xcassets in Resources */ = {isa = PBXBuildFile; fileRef = B6644B261E7CFD0500B051C5 /* Assets.xcassets */; };
		B6644B2A1E7CFD0500B051C5 /* LaunchScreen.storyboard in Resources */ = {isa = PBXBuildFile; fileRef = B6644B281E7CFD0500B051C5 /* LaunchScreen.storyboard */; };
		B6644B351E7CFD0500B051C5 /* PushPinTests.swift in Sources */ = {isa = PBXBuildFile; fileRef = B6644B341E7CFD0500B051C5 /* PushPinTests.swift */; };
		B6644B401E7CFD0500B051C5 /* PushPinUITests.swift in Sources */ = {isa = PBXBuildFile; fileRef = B6644B3F1E7CFD0500B051C5 /* PushPinUITests.swift */; };
		E0A92D9E1E8B941C00754D3A /* test.jpg in Resources */ = {isa = PBXBuildFile; fileRef = E0A92D9D1E8B941C00754D3A /* test.jpg */; };
		E0AA27B51E98C82100B6662D /* Constants.swift in Sources */ = {isa = PBXBuildFile; fileRef = E0AA27B41E98C82100B6662D /* Constants.swift */; };
		E0AA27BA1E98C85C00B6662D /* Dither.swift in Sources */ = {isa = PBXBuildFile; fileRef = E0AA27B61E98C85C00B6662D /* Dither.swift */; };
		E0AA27BB1E98C85C00B6662D /* SizeDitherImage.swift in Sources */ = {isa = PBXBuildFile; fileRef = E0AA27B71E98C85C00B6662D /* SizeDitherImage.swift */; };
		E0AA27BC1E98C85C00B6662D /* Palette.swift in Sources */ = {isa = PBXBuildFile; fileRef = E0AA27B81E98C85C00B6662D /* Palette.swift */; };
		E0AA27BD1E98C85C00B6662D /* WorkItem.swift in Sources */ = {isa = PBXBuildFile; fileRef = E0AA27B91E98C85C00B6662D /* WorkItem.swift */; };
		E0AA27BF1E98C86B00B6662D /* Extensions.swift in Sources */ = {isa = PBXBuildFile; fileRef = E0AA27BE1E98C86B00B6662D /* Extensions.swift */; };
		E0AA27C11E98C87E00B6662D /* CropImageView.swift in Sources */ = {isa = PBXBuildFile; fileRef = E0AA27C01E98C87E00B6662D /* CropImageView.swift */; };
		E0AA27C31E98C88800B6662D /* CroppingVC.swift in Sources */ = {isa = PBXBuildFile; fileRef = E0AA27C21E98C88800B6662D /* CroppingVC.swift */; };
		E0AA27C71E98C89300B6662D /* SizeVC.swift in Sources */ = {isa = PBXBuildFile; fileRef = E0AA27C41E98C89300B6662D /* SizeVC.swift */; };
		E0AA27C81E98C89300B6662D /* SizeCell.swift in Sources */ = {isa = PBXBuildFile; fileRef = E0AA27C51E98C89300B6662D /* SizeCell.swift */; };
		E0AA27C91E98C89300B6662D /* SizeCardView.swift in Sources */ = {isa = PBXBuildFile; fileRef = E0AA27C61E98C89300B6662D /* SizeCardView.swift */; };
		E0AA27CC1E98C89B00B6662D /* DashboardVC.swift in Sources */ = {isa = PBXBuildFile; fileRef = E0AA27CA1E98C89B00B6662D /* DashboardVC.swift */; };
		E0AA27CD1E98C89B00B6662D /* DashboardCell.swift in Sources */ = {isa = PBXBuildFile; fileRef = E0AA27CB1E98C89B00B6662D /* DashboardCell.swift */; };
		E0AA27D01E98C8A800B6662D /* FilterVC.swift in Sources */ = {isa = PBXBuildFile; fileRef = E0AA27CE1E98C8A800B6662D /* FilterVC.swift */; };
		E0AA27D11E98C8A800B6662D /* FilterCell.swift in Sources */ = {isa = PBXBuildFile; fileRef = E0AA27CF1E98C8A800B6662D /* FilterCell.swift */; };
		E0AA27D31E98C8B400B6662D /* PixelateVC.swift in Sources */ = {isa = PBXBuildFile; fileRef = E0AA27D21E98C8B400B6662D /* PixelateVC.swift */; };
		E0AA27D51E98C8C600B6662D /* ConfigVC.swift in Sources */ = {isa = PBXBuildFile; fileRef = E0AA27D41E98C8C600B6662D /* ConfigVC.swift */; };
/* End PBXBuildFile section */

/* Begin PBXContainerItemProxy section */
		B6644B311E7CFD0500B051C5 /* PBXContainerItemProxy */ = {
			isa = PBXContainerItemProxy;
			containerPortal = B6644B111E7CFD0400B051C5 /* Project object */;
			proxyType = 1;
			remoteGlobalIDString = B6644B181E7CFD0400B051C5;
			remoteInfo = PushPin;
		};
		B6644B3C1E7CFD0500B051C5 /* PBXContainerItemProxy */ = {
			isa = PBXContainerItemProxy;
			containerPortal = B6644B111E7CFD0400B051C5 /* Project object */;
			proxyType = 1;
			remoteGlobalIDString = B6644B181E7CFD0400B051C5;
			remoteInfo = PushPin;
		};
/* End PBXContainerItemProxy section */

/* Begin PBXFileReference section */
		141DAD47919F3AB77FC2AE32 /* Pods_PushPin.framework */ = {isa = PBXFileReference; explicitFileType = wrapper.framework; includeInIndex = 0; path = Pods_PushPin.framework; sourceTree = BUILT_PRODUCTS_DIR; };
		966256949A1A326E253A6C69 /* Pods-PushPin.release.xcconfig */ = {isa = PBXFileReference; includeInIndex = 1; lastKnownFileType = text.xcconfig; name = "Pods-PushPin.release.xcconfig"; path = "Pods/Target Support Files/Pods-PushPin/Pods-PushPin.release.xcconfig"; sourceTree = "<group>"; };
		B6644B191E7CFD0500B051C5 /* PushPin.app */ = {isa = PBXFileReference; explicitFileType = wrapper.application; includeInIndex = 0; path = PushPin.app; sourceTree = BUILT_PRODUCTS_DIR; };
		B6644B1C1E7CFD0500B051C5 /* AppDelegate.swift */ = {isa = PBXFileReference; lastKnownFileType = sourcecode.swift; path = AppDelegate.swift; sourceTree = "<group>"; };
		B6644B211E7CFD0500B051C5 /* Base */ = {isa = PBXFileReference; lastKnownFileType = file.storyboard; name = Base; path = Base.lproj/Main.storyboard; sourceTree = "<group>"; };
		B6644B241E7CFD0500B051C5 /* PushPin.xcdatamodel */ = {isa = PBXFileReference; lastKnownFileType = wrapper.xcdatamodel; path = PushPin.xcdatamodel; sourceTree = "<group>"; };
		B6644B261E7CFD0500B051C5 /* Assets.xcassets */ = {isa = PBXFileReference; lastKnownFileType = folder.assetcatalog; path = Assets.xcassets; sourceTree = "<group>"; };
		B6644B291E7CFD0500B051C5 /* Base */ = {isa = PBXFileReference; lastKnownFileType = file.storyboard; name = Base; path = Base.lproj/LaunchScreen.storyboard; sourceTree = "<group>"; };
		B6644B2B1E7CFD0500B051C5 /* Info.plist */ = {isa = PBXFileReference; lastKnownFileType = text.plist.xml; path = Info.plist; sourceTree = "<group>"; };
		B6644B301E7CFD0500B051C5 /* PushPinTests.xctest */ = {isa = PBXFileReference; explicitFileType = wrapper.cfbundle; includeInIndex = 0; path = PushPinTests.xctest; sourceTree = BUILT_PRODUCTS_DIR; };
		B6644B341E7CFD0500B051C5 /* PushPinTests.swift */ = {isa = PBXFileReference; lastKnownFileType = sourcecode.swift; path = PushPinTests.swift; sourceTree = "<group>"; };
		B6644B361E7CFD0500B051C5 /* Info.plist */ = {isa = PBXFileReference; lastKnownFileType = text.plist.xml; path = Info.plist; sourceTree = "<group>"; };
		B6644B3B1E7CFD0500B051C5 /* PushPinUITests.xctest */ = {isa = PBXFileReference; explicitFileType = wrapper.cfbundle; includeInIndex = 0; path = PushPinUITests.xctest; sourceTree = BUILT_PRODUCTS_DIR; };
		B6644B3F1E7CFD0500B051C5 /* PushPinUITests.swift */ = {isa = PBXFileReference; lastKnownFileType = sourcecode.swift; path = PushPinUITests.swift; sourceTree = "<group>"; };
		B6644B411E7CFD0500B051C5 /* Info.plist */ = {isa = PBXFileReference; lastKnownFileType = text.plist.xml; path = Info.plist; sourceTree = "<group>"; };
		BFC6B415E6934394D4CC2D67 /* Pods-PushPin.debug.xcconfig */ = {isa = PBXFileReference; includeInIndex = 1; lastKnownFileType = text.xcconfig; name = "Pods-PushPin.debug.xcconfig"; path = "Pods/Target Support Files/Pods-PushPin/Pods-PushPin.debug.xcconfig"; sourceTree = "<group>"; };
		E04A4A481E8284CB00E8A349 /* PushPin-Bridging-Header.h */ = {isa = PBXFileReference; lastKnownFileType = sourcecode.c.h; path = "PushPin-Bridging-Header.h"; sourceTree = "<group>"; };
		E0A92D9D1E8B941C00754D3A /* test.jpg */ = {isa = PBXFileReference; lastKnownFileType = image.jpeg; name = test.jpg; path = resources/test.jpg; sourceTree = "<group>"; };
		E0AA27B41E98C82100B6662D /* Constants.swift */ = {isa = PBXFileReference; fileEncoding = 4; lastKnownFileType = sourcecode.swift; name = Constants.swift; path = Utilities/Constants.swift; sourceTree = "<group>"; };
		E0AA27B61E98C85C00B6662D /* Dither.swift */ = {isa = PBXFileReference; fileEncoding = 4; lastKnownFileType = sourcecode.swift; name = Dither.swift; path = Models/Dither.swift; sourceTree = "<group>"; };
		E0AA27B71E98C85C00B6662D /* SizeDitherImage.swift */ = {isa = PBXFileReference; fileEncoding = 4; lastKnownFileType = sourcecode.swift; name = SizeDitherImage.swift; path = Models/SizeDitherImage.swift; sourceTree = "<group>"; };
		E0AA27B81E98C85C00B6662D /* Palette.swift */ = {isa = PBXFileReference; fileEncoding = 4; lastKnownFileType = sourcecode.swift; name = Palette.swift; path = Models/Palette.swift; sourceTree = "<group>"; };
		E0AA27B91E98C85C00B6662D /* WorkItem.swift */ = {isa = PBXFileReference; fileEncoding = 4; lastKnownFileType = sourcecode.swift; name = WorkItem.swift; path = Models/WorkItem.swift; sourceTree = "<group>"; };
		E0AA27BE1E98C86B00B6662D /* Extensions.swift */ = {isa = PBXFileReference; fileEncoding = 4; lastKnownFileType = sourcecode.swift; name = Extensions.swift; path = Extensions/Extensions.swift; sourceTree = "<group>"; };
		E0AA27C01E98C87E00B6662D /* CropImageView.swift */ = {isa = PBXFileReference; fileEncoding = 4; lastKnownFileType = sourcecode.swift; name = CropImageView.swift; path = Controllers/CropImageView.swift; sourceTree = "<group>"; };
		E0AA27C21E98C88800B6662D /* CroppingVC.swift */ = {isa = PBXFileReference; fileEncoding = 4; lastKnownFileType = sourcecode.swift; name = CroppingVC.swift; path = Controllers/CroppingVC.swift; sourceTree = "<group>"; };
		E0AA27C41E98C89300B6662D /* SizeVC.swift */ = {isa = PBXFileReference; fileEncoding = 4; lastKnownFileType = sourcecode.swift; name = SizeVC.swift; path = Controllers/SizeVC.swift; sourceTree = "<group>"; };
		E0AA27C51E98C89300B6662D /* SizeCell.swift */ = {isa = PBXFileReference; fileEncoding = 4; lastKnownFileType = sourcecode.swift; name = SizeCell.swift; path = Controllers/SizeCell.swift; sourceTree = "<group>"; };
		E0AA27C61E98C89300B6662D /* SizeCardView.swift */ = {isa = PBXFileReference; fileEncoding = 4; lastKnownFileType = sourcecode.swift; name = SizeCardView.swift; path = Controllers/SizeCardView.swift; sourceTree = "<group>"; };
		E0AA27CA1E98C89B00B6662D /* DashboardVC.swift */ = {isa = PBXFileReference; fileEncoding = 4; lastKnownFileType = sourcecode.swift; name = DashboardVC.swift; path = Controllers/DashboardVC.swift; sourceTree = "<group>"; };
		E0AA27CB1E98C89B00B6662D /* DashboardCell.swift */ = {isa = PBXFileReference; fileEncoding = 4; lastKnownFileType = sourcecode.swift; name = DashboardCell.swift; path = Controllers/DashboardCell.swift; sourceTree = "<group>"; };
		E0AA27CE1E98C8A800B6662D /* FilterVC.swift */ = {isa = PBXFileReference; fileEncoding = 4; lastKnownFileType = sourcecode.swift; name = FilterVC.swift; path = Controllers/FilterVC.swift; sourceTree = "<group>"; };
		E0AA27CF1E98C8A800B6662D /* FilterCell.swift */ = {isa = PBXFileReference; fileEncoding = 4; lastKnownFileType = sourcecode.swift; name = FilterCell.swift; path = Controllers/FilterCell.swift; sourceTree = "<group>"; };
		E0AA27D21E98C8B400B6662D /* PixelateVC.swift */ = {isa = PBXFileReference; fileEncoding = 4; lastKnownFileType = sourcecode.swift; name = PixelateVC.swift; path = Controllers/PixelateVC.swift; sourceTree = "<group>"; };
		E0AA27D41E98C8C600B6662D /* ConfigVC.swift */ = {isa = PBXFileReference; fileEncoding = 4; lastKnownFileType = sourcecode.swift; name = ConfigVC.swift; path = Controllers/ConfigVC.swift; sourceTree = "<group>"; };
/* End PBXFileReference section */

/* Begin PBXFrameworksBuildPhase section */
		B6644B161E7CFD0400B051C5 /* Frameworks */ = {
			isa = PBXFrameworksBuildPhase;
			buildActionMask = 2147483647;
			files = (
			);
			runOnlyForDeploymentPostprocessing = 0;
		};
		B6644B2D1E7CFD0500B051C5 /* Frameworks */ = {
			isa = PBXFrameworksBuildPhase;
			buildActionMask = 2147483647;
			files = (
			);
			runOnlyForDeploymentPostprocessing = 0;
		};
		B6644B381E7CFD0500B051C5 /* Frameworks */ = {
			isa = PBXFrameworksBuildPhase;
			buildActionMask = 2147483647;
			files = (
			);
			runOnlyForDeploymentPostprocessing = 0;
		};
/* End PBXFrameworksBuildPhase section */

/* Begin PBXGroup section */
		9DDADAB27482C62559320E4C /* Frameworks */ = {
			isa = PBXGroup;
			children = (
				141DAD47919F3AB77FC2AE32 /* Pods_PushPin.framework */,
			);
			name = Frameworks;
			sourceTree = "<group>";
		};
		A90A1D2149D04B7A0B083EE0 /* Pods */ = {
			isa = PBXGroup;
			children = (
				BFC6B415E6934394D4CC2D67 /* Pods-PushPin.debug.xcconfig */,
				966256949A1A326E253A6C69 /* Pods-PushPin.release.xcconfig */,
			);
			name = Pods;
			sourceTree = "<group>";
		};
		B6644B101E7CFD0400B051C5 = {
			isa = PBXGroup;
			children = (
				B6644B1B1E7CFD0500B051C5 /* PushPin */,
				B6644B331E7CFD0500B051C5 /* PushPinTests */,
				B6644B3E1E7CFD0500B051C5 /* PushPinUITests */,
				B6644B1A1E7CFD0500B051C5 /* Products */,
				A90A1D2149D04B7A0B083EE0 /* Pods */,
				9DDADAB27482C62559320E4C /* Frameworks */,
			);
			sourceTree = "<group>";
		};
		B6644B1A1E7CFD0500B051C5 /* Products */ = {
			isa = PBXGroup;
			children = (
				B6644B191E7CFD0500B051C5 /* PushPin.app */,
				B6644B301E7CFD0500B051C5 /* PushPinTests.xctest */,
				B6644B3B1E7CFD0500B051C5 /* PushPinUITests.xctest */,
			);
			name = Products;
			sourceTree = "<group>";
		};
		B6644B1B1E7CFD0500B051C5 /* PushPin */ = {
			isa = PBXGroup;
			children = (
				E0C4537C1E8FADED0034173A /* Utilities */,
				E0C453771E8FA39A0034173A /* Models */,
				E0A92DF21E8D140D00754D3A /* Extension */,
				E0A92D9C1E8B941000754D3A /* Resources */,
				E0A92D9B1E8B643700754D3A /* Components */,
				E0A92D9A1E8B642B00754D3A /* Controllers */,
				E04A4A461E8284AE00E8A349 /* lib */,
				B6644B1C1E7CFD0500B051C5 /* AppDelegate.swift */,
				E0AA27D41E98C8C600B6662D /* ConfigVC.swift */,
				B6644B201E7CFD0500B051C5 /* Main.storyboard */,
				B6644B261E7CFD0500B051C5 /* Assets.xcassets */,
				B6644B281E7CFD0500B051C5 /* LaunchScreen.storyboard */,
				B6644B2B1E7CFD0500B051C5 /* Info.plist */,
				B6644B231E7CFD0500B051C5 /* PushPin.xcdatamodeld */,
				E04A4A481E8284CB00E8A349 /* PushPin-Bridging-Header.h */,
			);
			path = PushPin;
			sourceTree = "<group>";
		};
		B6644B331E7CFD0500B051C5 /* PushPinTests */ = {
			isa = PBXGroup;
			children = (
				B6644B341E7CFD0500B051C5 /* PushPinTests.swift */,
				B6644B361E7CFD0500B051C5 /* Info.plist */,
			);
			path = PushPinTests;
			sourceTree = "<group>";
		};
		B6644B3E1E7CFD0500B051C5 /* PushPinUITests */ = {
			isa = PBXGroup;
			children = (
				B6644B3F1E7CFD0500B051C5 /* PushPinUITests.swift */,
				B6644B411E7CFD0500B051C5 /* Info.plist */,
			);
			path = PushPinUITests;
			sourceTree = "<group>";
		};
		B6B90F131E87CE4A006E6E59 /* FilterPage */ = {
			isa = PBXGroup;
			children = (
				E0AA27CE1E98C8A800B6662D /* FilterVC.swift */,
				E0AA27CF1E98C8A800B6662D /* FilterCell.swift */,
			);
			name = FilterPage;
			sourceTree = "<group>";
		};
		B6B90F1A1E894B7D006E6E59 /* PixelatePage */ = {
			isa = PBXGroup;
			children = (
				E0AA27D21E98C8B400B6662D /* PixelateVC.swift */,
			);
			name = PixelatePage;
			sourceTree = "<group>";
		};
		E04A4A461E8284AE00E8A349 /* lib */ = {
			isa = PBXGroup;
			children = (
			);
			name = lib;
			sourceTree = "<group>";
		};
		E0A92D9A1E8B642B00754D3A /* Controllers */ = {
			isa = PBXGroup;
			children = (
				E0AA27B11E98C2B400B6662D /* CroppingPage */,
				E0C453821E90CD1A0034173A /* SizePage */,
				E0C453721E8F9E1B0034173A /* Dashboard */,
				B6B90F131E87CE4A006E6E59 /* FilterPage */,
				B6B90F1A1E894B7D006E6E59 /* PixelatePage */,
			);
			name = Controllers;
			sourceTree = "<group>";
		};
		E0A92D9B1E8B643700754D3A /* Components */ = {
			isa = PBXGroup;
			children = (
				E0AA27C01E98C87E00B6662D /* CropImageView.swift */,
			);
			name = Components;
			sourceTree = "<group>";
		};
		E0A92D9C1E8B941000754D3A /* Resources */ = {
			isa = PBXGroup;
			children = (
				E0A92D9D1E8B941C00754D3A /* test.jpg */,
			);
			name = Resources;
			sourceTree = "<group>";
		};
		E0A92DF21E8D140D00754D3A /* Extension */ = {
			isa = PBXGroup;
			children = (
				E0AA27BE1E98C86B00B6662D /* Extensions.swift */,
			);
			name = Extension;
			sourceTree = "<group>";
		};
		E0AA27B11E98C2B400B6662D /* CroppingPage */ = {
			isa = PBXGroup;
			children = (
				E0AA27C21E98C88800B6662D /* CroppingVC.swift */,
			);
			name = CroppingPage;
			sourceTree = "<group>";
		};
		E0C453721E8F9E1B0034173A /* Dashboard */ = {
			isa = PBXGroup;
			children = (
				E0AA27CA1E98C89B00B6662D /* DashboardVC.swift */,
				E0AA27CB1E98C89B00B6662D /* DashboardCell.swift */,
			);
			name = Dashboard;
			sourceTree = "<group>";
		};
		E0C453771E8FA39A0034173A /* Models */ = {
			isa = PBXGroup;
			children = (
				E0AA27B61E98C85C00B6662D /* Dither.swift */,
				E0AA27B71E98C85C00B6662D /* SizeDitherImage.swift */,
				E0AA27B81E98C85C00B6662D /* Palette.swift */,
				E0AA27B91E98C85C00B6662D /* WorkItem.swift */,
			);
			name = Models;
			sourceTree = "<group>";
		};
		E0C4537C1E8FADED0034173A /* Utilities */ = {
			isa = PBXGroup;
			children = (
				E0AA27B41E98C82100B6662D /* Constants.swift */,
			);
			name = Utilities;
			sourceTree = "<group>";
		};
		E0C453821E90CD1A0034173A /* SizePage */ = {
			isa = PBXGroup;
			children = (
				E0AA27C41E98C89300B6662D /* SizeVC.swift */,
				E0AA27C51E98C89300B6662D /* SizeCell.swift */,
				E0AA27C61E98C89300B6662D /* SizeCardView.swift */,
			);
			name = SizePage;
			sourceTree = "<group>";
		};
/* End PBXGroup section */

/* Begin PBXNativeTarget section */
		B6644B181E7CFD0400B051C5 /* PushPin */ = {
			isa = PBXNativeTarget;
			buildConfigurationList = B6644B441E7CFD0500B051C5 /* Build configuration list for PBXNativeTarget "PushPin" */;
			buildPhases = (
				C0457B88531A390FAB56516D /* [CP] Check Pods Manifest.lock */,
				B6644B151E7CFD0400B051C5 /* Sources */,
				B6644B161E7CFD0400B051C5 /* Frameworks */,
				B6644B171E7CFD0400B051C5 /* Resources */,
				99ED5257202ED39721628E5A /* [CP] Embed Pods Frameworks */,
				8752D290A0FC1217F9A39CFC /* [CP] Copy Pods Resources */,
			);
			buildRules = (
			);
			dependencies = (
			);
			name = PushPin;
			productName = PushPin;
			productReference = B6644B191E7CFD0500B051C5 /* PushPin.app */;
			productType = "com.apple.product-type.application";
		};
		B6644B2F1E7CFD0500B051C5 /* PushPinTests */ = {
			isa = PBXNativeTarget;
			buildConfigurationList = B6644B471E7CFD0500B051C5 /* Build configuration list for PBXNativeTarget "PushPinTests" */;
			buildPhases = (
				B6644B2C1E7CFD0500B051C5 /* Sources */,
				B6644B2D1E7CFD0500B051C5 /* Frameworks */,
				B6644B2E1E7CFD0500B051C5 /* Resources */,
			);
			buildRules = (
			);
			dependencies = (
				B6644B321E7CFD0500B051C5 /* PBXTargetDependency */,
			);
			name = PushPinTests;
			productName = PushPinTests;
			productReference = B6644B301E7CFD0500B051C5 /* PushPinTests.xctest */;
			productType = "com.apple.product-type.bundle.unit-test";
		};
		B6644B3A1E7CFD0500B051C5 /* PushPinUITests */ = {
			isa = PBXNativeTarget;
			buildConfigurationList = B6644B4A1E7CFD0500B051C5 /* Build configuration list for PBXNativeTarget "PushPinUITests" */;
			buildPhases = (
				B6644B371E7CFD0500B051C5 /* Sources */,
				B6644B381E7CFD0500B051C5 /* Frameworks */,
				B6644B391E7CFD0500B051C5 /* Resources */,
			);
			buildRules = (
			);
			dependencies = (
				B6644B3D1E7CFD0500B051C5 /* PBXTargetDependency */,
			);
			name = PushPinUITests;
			productName = PushPinUITests;
			productReference = B6644B3B1E7CFD0500B051C5 /* PushPinUITests.xctest */;
			productType = "com.apple.product-type.bundle.ui-testing";
		};
/* End PBXNativeTarget section */

/* Begin PBXProject section */
		B6644B111E7CFD0400B051C5 /* Project object */ = {
			isa = PBXProject;
			attributes = {
				LastSwiftUpdateCheck = 0820;
				LastUpgradeCheck = 0820;
				ORGANIZATIONNAME = Zachary;
				TargetAttributes = {
					B6644B181E7CFD0400B051C5 = {
						CreatedOnToolsVersion = 8.2.1;
						DevelopmentTeam = J7KASTD2Y4;
						LastSwiftMigration = 0820;
						ProvisioningStyle = Automatic;
					};
					B6644B2F1E7CFD0500B051C5 = {
						CreatedOnToolsVersion = 8.2.1;
						DevelopmentTeam = J7KASTD2Y4;
						LastSwiftMigration = 0820;
						ProvisioningStyle = Automatic;
						TestTargetID = B6644B181E7CFD0400B051C5;
					};
					B6644B3A1E7CFD0500B051C5 = {
						CreatedOnToolsVersion = 8.2.1;
						DevelopmentTeam = J7KASTD2Y4;
						LastSwiftMigration = 0820;
						ProvisioningStyle = Automatic;
						TestTargetID = B6644B181E7CFD0400B051C5;
					};
				};
			};
			buildConfigurationList = B6644B141E7CFD0400B051C5 /* Build configuration list for PBXProject "PushPin" */;
			compatibilityVersion = "Xcode 3.2";
			developmentRegion = English;
			hasScannedForEncodings = 0;
			knownRegions = (
				en,
				Base,
			);
			mainGroup = B6644B101E7CFD0400B051C5;
			productRefGroup = B6644B1A1E7CFD0500B051C5 /* Products */;
			projectDirPath = "";
			projectRoot = "";
			targets = (
				B6644B181E7CFD0400B051C5 /* PushPin */,
				B6644B2F1E7CFD0500B051C5 /* PushPinTests */,
				B6644B3A1E7CFD0500B051C5 /* PushPinUITests */,
			);
		};
/* End PBXProject section */

/* Begin PBXResourcesBuildPhase section */
		B6644B171E7CFD0400B051C5 /* Resources */ = {
			isa = PBXResourcesBuildPhase;
			buildActionMask = 2147483647;
			files = (
				B6644B2A1E7CFD0500B051C5 /* LaunchScreen.storyboard in Resources */,
				B6644B271E7CFD0500B051C5 /* Assets.xcassets in Resources */,
				B6644B221E7CFD0500B051C5 /* Main.storyboard in Resources */,
				E0A92D9E1E8B941C00754D3A /* test.jpg in Resources */,
			);
			runOnlyForDeploymentPostprocessing = 0;
		};
		B6644B2E1E7CFD0500B051C5 /* Resources */ = {
			isa = PBXResourcesBuildPhase;
			buildActionMask = 2147483647;
			files = (
			);
			runOnlyForDeploymentPostprocessing = 0;
		};
		B6644B391E7CFD0500B051C5 /* Resources */ = {
			isa = PBXResourcesBuildPhase;
			buildActionMask = 2147483647;
			files = (
			);
			runOnlyForDeploymentPostprocessing = 0;
		};
/* End PBXResourcesBuildPhase section */

/* Begin PBXShellScriptBuildPhase section */
		8752D290A0FC1217F9A39CFC /* [CP] Copy Pods Resources */ = {
			isa = PBXShellScriptBuildPhase;
			buildActionMask = 2147483647;
			files = (
			);
			inputPaths = (
			);
			name = "[CP] Copy Pods Resources";
			outputPaths = (
			);
			runOnlyForDeploymentPostprocessing = 0;
			shellPath = /bin/sh;
			shellScript = "\"${SRCROOT}/Pods/Target Support Files/Pods-PushPin/Pods-PushPin-resources.sh\"\n";
			showEnvVarsInLog = 0;
		};
		99ED5257202ED39721628E5A /* [CP] Embed Pods Frameworks */ = {
			isa = PBXShellScriptBuildPhase;
			buildActionMask = 2147483647;
			files = (
			);
			inputPaths = (
			);
			name = "[CP] Embed Pods Frameworks";
			outputPaths = (
			);
			runOnlyForDeploymentPostprocessing = 0;
			shellPath = /bin/sh;
			shellScript = "\"${SRCROOT}/Pods/Target Support Files/Pods-PushPin/Pods-PushPin-frameworks.sh\"\n";
			showEnvVarsInLog = 0;
		};
		C0457B88531A390FAB56516D /* [CP] Check Pods Manifest.lock */ = {
			isa = PBXShellScriptBuildPhase;
			buildActionMask = 2147483647;
			files = (
			);
			inputPaths = (
			);
			name = "[CP] Check Pods Manifest.lock";
			outputPaths = (
			);
			runOnlyForDeploymentPostprocessing = 0;
			shellPath = /bin/sh;
			shellScript = "diff \"${PODS_ROOT}/../Podfile.lock\" \"${PODS_ROOT}/Manifest.lock\" > /dev/null\nif [ $? != 0 ] ; then\n    # print error to STDERR\n    echo \"error: The sandbox is not in sync with the Podfile.lock. Run 'pod install' or update your CocoaPods installation.\" >&2\n    exit 1\nfi\n";
			showEnvVarsInLog = 0;
		};
/* End PBXShellScriptBuildPhase section */

/* Begin PBXSourcesBuildPhase section */
		B6644B151E7CFD0400B051C5 /* Sources */ = {
			isa = PBXSourcesBuildPhase;
			buildActionMask = 2147483647;
			files = (
				E0AA27D01E98C8A800B6662D /* FilterVC.swift in Sources */,
				E0AA27C31E98C88800B6662D /* CroppingVC.swift in Sources */,
				E0AA27CC1E98C89B00B6662D /* DashboardVC.swift in Sources */,
				E0AA27BC1E98C85C00B6662D /* Palette.swift in Sources */,
				E0AA27BD1E98C85C00B6662D /* WorkItem.swift in Sources */,
				B6644B251E7CFD0500B051C5 /* PushPin.xcdatamodeld in Sources */,
				E0AA27D51E98C8C600B6662D /* ConfigVC.swift in Sources */,
				E0AA27D11E98C8A800B6662D /* FilterCell.swift in Sources */,
				E0AA27CD1E98C89B00B6662D /* DashboardCell.swift in Sources */,
				E0AA27BA1E98C85C00B6662D /* Dither.swift in Sources */,
				E0AA27C11E98C87E00B6662D /* CropImageView.swift in Sources */,
				E0AA27B51E98C82100B6662D /* Constants.swift in Sources */,
				B6644B1D1E7CFD0500B051C5 /* AppDelegate.swift in Sources */,
				E0AA27BF1E98C86B00B6662D /* Extensions.swift in Sources */,
				E0AA27C71E98C89300B6662D /* SizeVC.swift in Sources */,
				E0AA27D31E98C8B400B6662D /* PixelateVC.swift in Sources */,
				E0AA27C91E98C89300B6662D /* SizeCardView.swift in Sources */,
				E0AA27C81E98C89300B6662D /* SizeCell.swift in Sources */,
				E0AA27BB1E98C85C00B6662D /* SizeDitherImage.swift in Sources */,
			);
			runOnlyForDeploymentPostprocessing = 0;
		};
		B6644B2C1E7CFD0500B051C5 /* Sources */ = {
			isa = PBXSourcesBuildPhase;
			buildActionMask = 2147483647;
			files = (
				B6644B351E7CFD0500B051C5 /* PushPinTests.swift in Sources */,
			);
			runOnlyForDeploymentPostprocessing = 0;
		};
		B6644B371E7CFD0500B051C5 /* Sources */ = {
			isa = PBXSourcesBuildPhase;
			buildActionMask = 2147483647;
			files = (
				B6644B401E7CFD0500B051C5 /* PushPinUITests.swift in Sources */,
			);
			runOnlyForDeploymentPostprocessing = 0;
		};
/* End PBXSourcesBuildPhase section */

/* Begin PBXTargetDependency section */
		B6644B321E7CFD0500B051C5 /* PBXTargetDependency */ = {
			isa = PBXTargetDependency;
			target = B6644B181E7CFD0400B051C5 /* PushPin */;
			targetProxy = B6644B311E7CFD0500B051C5 /* PBXContainerItemProxy */;
		};
		B6644B3D1E7CFD0500B051C5 /* PBXTargetDependency */ = {
			isa = PBXTargetDependency;
			target = B6644B181E7CFD0400B051C5 /* PushPin */;
			targetProxy = B6644B3C1E7CFD0500B051C5 /* PBXContainerItemProxy */;
		};
/* End PBXTargetDependency section */

/* Begin PBXVariantGroup section */
		B6644B201E7CFD0500B051C5 /* Main.storyboard */ = {
			isa = PBXVariantGroup;
			children = (
				B6644B211E7CFD0500B051C5 /* Base */,
			);
			name = Main.storyboard;
			sourceTree = "<group>";
		};
		B6644B281E7CFD0500B051C5 /* LaunchScreen.storyboard */ = {
			isa = PBXVariantGroup;
			children = (
				B6644B291E7CFD0500B051C5 /* Base */,
			);
			name = LaunchScreen.storyboard;
			sourceTree = "<group>";
		};
/* End PBXVariantGroup section */

/* Begin XCBuildConfiguration section */
		B6644B421E7CFD0500B051C5 /* Debug */ = {
			isa = XCBuildConfiguration;
			buildSettings = {
				ALWAYS_SEARCH_USER_PATHS = NO;
				CLANG_ANALYZER_NONNULL = YES;
				CLANG_CXX_LANGUAGE_STANDARD = "gnu++0x";
				CLANG_CXX_LIBRARY = "libc++";
				CLANG_ENABLE_MODULES = YES;
				CLANG_ENABLE_OBJC_ARC = YES;
				CLANG_WARN_BOOL_CONVERSION = YES;
				CLANG_WARN_CONSTANT_CONVERSION = YES;
				CLANG_WARN_DIRECT_OBJC_ISA_USAGE = YES_ERROR;
				CLANG_WARN_DOCUMENTATION_COMMENTS = YES;
				CLANG_WARN_EMPTY_BODY = YES;
				CLANG_WARN_ENUM_CONVERSION = YES;
				CLANG_WARN_INFINITE_RECURSION = YES;
				CLANG_WARN_INT_CONVERSION = YES;
				CLANG_WARN_OBJC_ROOT_CLASS = YES_ERROR;
				CLANG_WARN_SUSPICIOUS_MOVE = YES;
				CLANG_WARN_UNREACHABLE_CODE = YES;
				CLANG_WARN__DUPLICATE_METHOD_MATCH = YES;
				"CODE_SIGN_IDENTITY[sdk=iphoneos*]" = "iPhone Developer";
				COPY_PHASE_STRIP = NO;
				DEBUG_INFORMATION_FORMAT = dwarf;
				ENABLE_STRICT_OBJC_MSGSEND = YES;
				ENABLE_TESTABILITY = YES;
				GCC_C_LANGUAGE_STANDARD = gnu99;
				GCC_DYNAMIC_NO_PIC = NO;
				GCC_NO_COMMON_BLOCKS = YES;
				GCC_OPTIMIZATION_LEVEL = 0;
				GCC_PREPROCESSOR_DEFINITIONS = (
					"DEBUG=1",
					"$(inherited)",
				);
				GCC_WARN_64_TO_32_BIT_CONVERSION = YES;
				GCC_WARN_ABOUT_RETURN_TYPE = YES_ERROR;
				GCC_WARN_UNDECLARED_SELECTOR = YES;
				GCC_WARN_UNINITIALIZED_AUTOS = YES_AGGRESSIVE;
				GCC_WARN_UNUSED_FUNCTION = YES;
				GCC_WARN_UNUSED_VARIABLE = YES;
				IPHONEOS_DEPLOYMENT_TARGET = 10.2;
				MTL_ENABLE_DEBUG_INFO = YES;
				ONLY_ACTIVE_ARCH = YES;
				SDKROOT = iphoneos;
				SWIFT_ACTIVE_COMPILATION_CONDITIONS = DEBUG;
				SWIFT_OPTIMIZATION_LEVEL = "-Onone";
			};
			name = Debug;
		};
		B6644B431E7CFD0500B051C5 /* Release */ = {
			isa = XCBuildConfiguration;
			buildSettings = {
				ALWAYS_SEARCH_USER_PATHS = NO;
				CLANG_ANALYZER_NONNULL = YES;
				CLANG_CXX_LANGUAGE_STANDARD = "gnu++0x";
				CLANG_CXX_LIBRARY = "libc++";
				CLANG_ENABLE_MODULES = YES;
				CLANG_ENABLE_OBJC_ARC = YES;
				CLANG_WARN_BOOL_CONVERSION = YES;
				CLANG_WARN_CONSTANT_CONVERSION = YES;
				CLANG_WARN_DIRECT_OBJC_ISA_USAGE = YES_ERROR;
				CLANG_WARN_DOCUMENTATION_COMMENTS = YES;
				CLANG_WARN_EMPTY_BODY = YES;
				CLANG_WARN_ENUM_CONVERSION = YES;
				CLANG_WARN_INFINITE_RECURSION = YES;
				CLANG_WARN_INT_CONVERSION = YES;
				CLANG_WARN_OBJC_ROOT_CLASS = YES_ERROR;
				CLANG_WARN_SUSPICIOUS_MOVE = YES;
				CLANG_WARN_UNREACHABLE_CODE = YES;
				CLANG_WARN__DUPLICATE_METHOD_MATCH = YES;
				"CODE_SIGN_IDENTITY[sdk=iphoneos*]" = "iPhone Developer";
				COPY_PHASE_STRIP = NO;
				DEBUG_INFORMATION_FORMAT = "dwarf-with-dsym";
				ENABLE_NS_ASSERTIONS = NO;
				ENABLE_STRICT_OBJC_MSGSEND = YES;
				GCC_C_LANGUAGE_STANDARD = gnu99;
				GCC_NO_COMMON_BLOCKS = YES;
				GCC_WARN_64_TO_32_BIT_CONVERSION = YES;
				GCC_WARN_ABOUT_RETURN_TYPE = YES_ERROR;
				GCC_WARN_UNDECLARED_SELECTOR = YES;
				GCC_WARN_UNINITIALIZED_AUTOS = YES_AGGRESSIVE;
				GCC_WARN_UNUSED_FUNCTION = YES;
				GCC_WARN_UNUSED_VARIABLE = YES;
				IPHONEOS_DEPLOYMENT_TARGET = 10.2;
				MTL_ENABLE_DEBUG_INFO = NO;
				SDKROOT = iphoneos;
				SWIFT_OPTIMIZATION_LEVEL = "-Owholemodule";
				VALIDATE_PRODUCT = YES;
			};
			name = Release;
		};
		B6644B451E7CFD0500B051C5 /* Debug */ = {
			isa = XCBuildConfiguration;
			baseConfigurationReference = BFC6B415E6934394D4CC2D67 /* Pods-PushPin.debug.xcconfig */;
			buildSettings = {
				ASSETCATALOG_COMPILER_APPICON_NAME = AppIcon;
				CLANG_ENABLE_MODULES = YES;
				DEVELOPMENT_TEAM = J7KASTD2Y4;
				INFOPLIST_FILE = PushPin/Info.plist;
				IPHONEOS_DEPLOYMENT_TARGET = 10.0;
				LD_RUNPATH_SEARCH_PATHS = "$(inherited) @executable_path/Frameworks";
				PRODUCT_BUNDLE_IDENTIFIER = Zachary.PushPin;
				PRODUCT_NAME = "$(TARGET_NAME)";
				SWIFT_OBJC_BRIDGING_HEADER = "PushPin/PushPin-Bridging-Header.h";
				SWIFT_OPTIMIZATION_LEVEL = "-Onone";
				SWIFT_VERSION = 3.0;
				TARGETED_DEVICE_FAMILY = 1;
			};
			name = Debug;
		};
		B6644B461E7CFD0500B051C5 /* Release */ = {
			isa = XCBuildConfiguration;
			baseConfigurationReference = 966256949A1A326E253A6C69 /* Pods-PushPin.release.xcconfig */;
			buildSettings = {
				ASSETCATALOG_COMPILER_APPICON_NAME = AppIcon;
				CLANG_ENABLE_MODULES = YES;
				DEVELOPMENT_TEAM = J7KASTD2Y4;
				INFOPLIST_FILE = PushPin/Info.plist;
				IPHONEOS_DEPLOYMENT_TARGET = 10.0;
				LD_RUNPATH_SEARCH_PATHS = "$(inherited) @executable_path/Frameworks";
				PRODUCT_BUNDLE_IDENTIFIER = Zachary.PushPin;
				PRODUCT_NAME = "$(TARGET_NAME)";
				SWIFT_OBJC_BRIDGING_HEADER = "PushPin/PushPin-Bridging-Header.h";
				SWIFT_VERSION = 3.0;
				TARGETED_DEVICE_FAMILY = 1;
			};
			name = Release;
		};
		B6644B481E7CFD0500B051C5 /* Debug */ = {
			isa = XCBuildConfiguration;
			buildSettings = {
				ALWAYS_EMBED_SWIFT_STANDARD_LIBRARIES = YES;
				BUNDLE_LOADER = "$(TEST_HOST)";
				DEVELOPMENT_TEAM = J7KASTD2Y4;
				INFOPLIST_FILE = PushPinTests/Info.plist;
				LD_RUNPATH_SEARCH_PATHS = "$(inherited) @executable_path/Frameworks @loader_path/Frameworks";
				PRODUCT_BUNDLE_IDENTIFIER = Zachary.PushPinTests;
				PRODUCT_NAME = "$(TARGET_NAME)";
				SWIFT_VERSION = 3.0;
				TEST_HOST = "$(BUILT_PRODUCTS_DIR)/PushPin.app/PushPin";
			};
			name = Debug;
		};
		B6644B491E7CFD0500B051C5 /* Release */ = {
			isa = XCBuildConfiguration;
			buildSettings = {
				ALWAYS_EMBED_SWIFT_STANDARD_LIBRARIES = YES;
				BUNDLE_LOADER = "$(TEST_HOST)";
				DEVELOPMENT_TEAM = J7KASTD2Y4;
				INFOPLIST_FILE = PushPinTests/Info.plist;
				LD_RUNPATH_SEARCH_PATHS = "$(inherited) @executable_path/Frameworks @loader_path/Frameworks";
				PRODUCT_BUNDLE_IDENTIFIER = Zachary.PushPinTests;
				PRODUCT_NAME = "$(TARGET_NAME)";
				SWIFT_VERSION = 3.0;
				TEST_HOST = "$(BUILT_PRODUCTS_DIR)/PushPin.app/PushPin";
			};
			name = Release;
		};
		B6644B4B1E7CFD0500B051C5 /* Debug */ = {
			isa = XCBuildConfiguration;
			buildSettings = {
				ALWAYS_EMBED_SWIFT_STANDARD_LIBRARIES = YES;
				DEVELOPMENT_TEAM = J7KASTD2Y4;
				INFOPLIST_FILE = PushPinUITests/Info.plist;
				LD_RUNPATH_SEARCH_PATHS = "$(inherited) @executable_path/Frameworks @loader_path/Frameworks";
				PRODUCT_BUNDLE_IDENTIFIER = Zachary.PushPinUITests;
				PRODUCT_NAME = "$(TARGET_NAME)";
				SWIFT_VERSION = 3.0;
				TEST_TARGET_NAME = PushPin;
			};
			name = Debug;
		};
		B6644B4C1E7CFD0500B051C5 /* Release */ = {
			isa = XCBuildConfiguration;
			buildSettings = {
				ALWAYS_EMBED_SWIFT_STANDARD_LIBRARIES = YES;
				DEVELOPMENT_TEAM = J7KASTD2Y4;
				INFOPLIST_FILE = PushPinUITests/Info.plist;
				LD_RUNPATH_SEARCH_PATHS = "$(inherited) @executable_path/Frameworks @loader_path/Frameworks";
				PRODUCT_BUNDLE_IDENTIFIER = Zachary.PushPinUITests;
				PRODUCT_NAME = "$(TARGET_NAME)";
				SWIFT_VERSION = 3.0;
				TEST_TARGET_NAME = PushPin;
			};
			name = Release;
		};
/* End XCBuildConfiguration section */

/* Begin XCConfigurationList section */
		B6644B141E7CFD0400B051C5 /* Build configuration list for PBXProject "PushPin" */ = {
			isa = XCConfigurationList;
			buildConfigurations = (
				B6644B421E7CFD0500B051C5 /* Debug */,
				B6644B431E7CFD0500B051C5 /* Release */,
			);
			defaultConfigurationIsVisible = 0;
			defaultConfigurationName = Release;
		};
		B6644B441E7CFD0500B051C5 /* Build configuration list for PBXNativeTarget "PushPin" */ = {
			isa = XCConfigurationList;
			buildConfigurations = (
				B6644B451E7CFD0500B051C5 /* Debug */,
				B6644B461E7CFD0500B051C5 /* Release */,
			);
			defaultConfigurationIsVisible = 0;
			defaultConfigurationName = Release;
		};
		B6644B471E7CFD0500B051C5 /* Build configuration list for PBXNativeTarget "PushPinTests" */ = {
			isa = XCConfigurationList;
			buildConfigurations = (
				B6644B481E7CFD0500B051C5 /* Debug */,
				B6644B491E7CFD0500B051C5 /* Release */,
			);
			defaultConfigurationIsVisible = 0;
			defaultConfigurationName = Release;
		};
		B6644B4A1E7CFD0500B051C5 /* Build configuration list for PBXNativeTarget "PushPinUITests" */ = {
			isa = XCConfigurationList;
			buildConfigurations = (
				B6644B4B1E7CFD0500B051C5 /* Debug */,
				B6644B4C1E7CFD0500B051C5 /* Release */,
			);
			defaultConfigurationIsVisible = 0;
			defaultConfigurationName = Release;
		};
/* End XCConfigurationList section */

/* Begin XCVersionGroup section */
		B6644B231E7CFD0500B051C5 /* PushPin.xcdatamodeld */ = {
			isa = XCVersionGroup;
			children = (
				B6644B241E7CFD0500B051C5 /* PushPin.xcdatamodel */,
			);
			currentVersion = B6644B241E7CFD0500B051C5 /* PushPin.xcdatamodel */;
			path = PushPin.xcdatamodeld;
			sourceTree = "<group>";
			versionGroupType = wrapper.xcdatamodel;
		};
/* End XCVersionGroup section */
	};
	rootObject = B6644B111E7CFD0400B051C5 /* Project object */;
}
